
Microsoft Visual Studio Solution File, Format Version 12.00
# Visual Studio Version 17
VisualStudioVersion = 17.2.32630.192
MinimumVisualStudioVersion = 10.0.40219.1
Project("{FAE04EC0-301F-11D3-BF4B-00C04F79EFBC}") = "KonversiSuhu", "KonversiSuhu\KonversiSuhu.csproj", "{0D7879BB-C166-4676-B66F-D7BA40DFB82A}"
EndProject
Global
	GlobalSection(SolutionConfigurationPlatforms) = preSolution
		Debug|Any CPU = Debug|Any CPU
		Release|Any CPU = Release|Any CPU
	EndGlobalSection
	GlobalSection(ProjectConfigurationPlatforms) = postSolution
		{0D7879BB-C166-4676-B66F-D7BA40DFB82A}.Debug|Any CPU.ActiveCfg = Debug|Any CPU
		{0D7879BB-C166-4676-B66F-D7BA40DFB82A}.Debug|Any CPU.Build.0 = Debug|Any CPU
		{0D7879BB-C166-4676-B66F-D7BA40DFB82A}.Release|Any CPU.ActiveCfg = Release|Any CPU
		{0D7879BB-C166-4676-B66F-D7BA40DFB82A}.Release|Any CPU.Build.0 = Release|Any CPU
	EndGlobalSection
	GlobalSection(SolutionProperties) = preSolution
		HideSolutionNode = FALSE
	EndGlobalSection
	GlobalSection(ExtensibilityGlobals) = postSolution
		SolutionGuid = {CE109225-BF77-4892-9DEC-5C4989CABF3E}
	EndGlobalSection
EndGlobal
